
Microsoft Visual Studio Solution File, Format Version 12.00
# Visual Studio Version 16
VisualStudioVersion = 16.0.29123.88
MinimumVisualStudioVersion = 10.0.40219.1
Project("{9A19103F-16F7-4668-BE54-9A1E7A4F7556}") = "Library.Presentation.MVC", "Library.Presentation.MVC\Library.Presentation.MVC.csproj", "{77D4DB5B-8018-4B1B-ACE1-7A1792AB0944}"
EndProject
Project("{9A19103F-16F7-4668-BE54-9A1E7A4F7556}") = "Library.Domain", "Library.Domain\Library.Domain.csproj", "{0A758D0E-F6A0-40DB-AAE6-92F7159B899A}"
EndProject
Project("{9A19103F-16F7-4668-BE54-9A1E7A4F7556}") = "Library.Infrastructure.Data", "Library.Infrastructure.Data\Library.Infrastructure.Data.csproj", "{3F50B9CB-CC4B-419F-BA58-430463EEDAD8}"
EndProject
Project("{9A19103F-16F7-4668-BE54-9A1E7A4F7556}") = "Library.Infrastructure", "Library.Infrastructure\Library.Infrastructure.csproj", "{7B82FCF3-E9CF-4E6B-B720-DB3C0F67E7F2}"
EndProject
Project("{9A19103F-16F7-4668-BE54-9A1E7A4F7556}") = "Library.Domain.Common", "Library.Domain.Common\Library.Domain.Common.csproj", "{E0B8C6E6-5E97-42B6-ABFA-51821F4EA481}"
EndProject
Project("{E53339B2-1760-4266-BCC7-CA923CBCF16C}") = "docker-compose", "docker-compose.dcproj", "{EA4CA5F6-3293-4A21-970E-CB3187FFC0EF}"
EndProject
Project("{9A19103F-16F7-4668-BE54-9A1E7A4F7556}") = "Library.Application.Commands", "Library.Application.Commands\Library.Application.Commands.csproj", "{FB87AAD0-F542-40D0-A986-979F15AFE3D5}"
EndProject
Project("{9A19103F-16F7-4668-BE54-9A1E7A4F7556}") = "Library.Application.Queries", "Library.Application.Queries\Library.Application.Queries.csproj", "{34687E0C-46D6-4FD8-A636-26C2CBE8D632}"
EndProject
Project("{9A19103F-16F7-4668-BE54-9A1E7A4F7556}") = "Library.Application.EventHandling", "Library.Application.EventHandling\Library.Application.EventHandling.csproj", "{ABBDC02F-007B-4DFF-8FB7-FD13B7000B85}"
EndProject
Project("{9A19103F-16F7-4668-BE54-9A1E7A4F7556}") = "Library.Application.Common", "Library.Application.Common\Library.Application.Common.csproj", "{A685A0B6-BA61-4D77-BF7F-CB0CBC0DB217}"
EndProject
Project("{9A19103F-16F7-4668-BE54-9A1E7A4F7556}") = "Library.Application.Queries.Sql", "Library.Application.Queries.Sql\Library.Application.Queries.Sql.csproj", "{C193C726-7683-4CB5-9EBF-5F8F573F4EE6}"
EndProject
Project("{2150E333-8FDC-42A3-9474-1A3956D46DE8}") = "tests", "tests", "{8A6233D0-B86D-42AA-B721-07E3029A8162}"
EndProject
Project("{FAE04EC0-301F-11D3-BF4B-00C04F79EFBC}") = "Library.Domain.Common.UnitTests", "..\tests\Library.Domain.Common.UnitTests\Library.Domain.Common.UnitTests.csproj", "{984D49ED-7697-4D2F-9C30-48D3C815A76C}"
EndProject
Global
	GlobalSection(SolutionConfigurationPlatforms) = preSolution
		Debug|Any CPU = Debug|Any CPU
		Release|Any CPU = Release|Any CPU
	EndGlobalSection
	GlobalSection(ProjectConfigurationPlatforms) = postSolution
		{77D4DB5B-8018-4B1B-ACE1-7A1792AB0944}.Debug|Any CPU.ActiveCfg = Debug|Any CPU
		{77D4DB5B-8018-4B1B-ACE1-7A1792AB0944}.Debug|Any CPU.Build.0 = Debug|Any CPU
		{77D4DB5B-8018-4B1B-ACE1-7A1792AB0944}.Release|Any CPU.ActiveCfg = Release|Any CPU
		{77D4DB5B-8018-4B1B-ACE1-7A1792AB0944}.Release|Any CPU.Build.0 = Release|Any CPU
		{0A758D0E-F6A0-40DB-AAE6-92F7159B899A}.Debug|Any CPU.ActiveCfg = Debug|Any CPU
		{0A758D0E-F6A0-40DB-AAE6-92F7159B899A}.Debug|Any CPU.Build.0 = Debug|Any CPU
		{0A758D0E-F6A0-40DB-AAE6-92F7159B899A}.Release|Any CPU.ActiveCfg = Release|Any CPU
		{0A758D0E-F6A0-40DB-AAE6-92F7159B899A}.Release|Any CPU.Build.0 = Release|Any CPU
		{3F50B9CB-CC4B-419F-BA58-430463EEDAD8}.Debug|Any CPU.ActiveCfg = Debug|Any CPU
		{3F50B9CB-CC4B-419F-BA58-430463EEDAD8}.Debug|Any CPU.Build.0 = Debug|Any CPU
		{3F50B9CB-CC4B-419F-BA58-430463EEDAD8}.Release|Any CPU.ActiveCfg = Release|Any CPU
		{3F50B9CB-CC4B-419F-BA58-430463EEDAD8}.Release|Any CPU.Build.0 = Release|Any CPU
		{7B82FCF3-E9CF-4E6B-B720-DB3C0F67E7F2}.Debug|Any CPU.ActiveCfg = Debug|Any CPU
		{7B82FCF3-E9CF-4E6B-B720-DB3C0F67E7F2}.Debug|Any CPU.Build.0 = Debug|Any CPU
		{7B82FCF3-E9CF-4E6B-B720-DB3C0F67E7F2}.Release|Any CPU.ActiveCfg = Release|Any CPU
		{7B82FCF3-E9CF-4E6B-B720-DB3C0F67E7F2}.Release|Any CPU.Build.0 = Release|Any CPU
		{E0B8C6E6-5E97-42B6-ABFA-51821F4EA481}.Debug|Any CPU.ActiveCfg = Debug|Any CPU
		{E0B8C6E6-5E97-42B6-ABFA-51821F4EA481}.Debug|Any CPU.Build.0 = Debug|Any CPU
		{E0B8C6E6-5E97-42B6-ABFA-51821F4EA481}.Release|Any CPU.ActiveCfg = Release|Any CPU
		{E0B8C6E6-5E97-42B6-ABFA-51821F4EA481}.Release|Any CPU.Build.0 = Release|Any CPU
		{EA4CA5F6-3293-4A21-970E-CB3187FFC0EF}.Debug|Any CPU.ActiveCfg = Debug|Any CPU
		{EA4CA5F6-3293-4A21-970E-CB3187FFC0EF}.Debug|Any CPU.Build.0 = Debug|Any CPU
		{EA4CA5F6-3293-4A21-970E-CB3187FFC0EF}.Release|Any CPU.ActiveCfg = Release|Any CPU
		{EA4CA5F6-3293-4A21-970E-CB3187FFC0EF}.Release|Any CPU.Build.0 = Release|Any CPU
		{FB87AAD0-F542-40D0-A986-979F15AFE3D5}.Debug|Any CPU.ActiveCfg = Debug|Any CPU
		{FB87AAD0-F542-40D0-A986-979F15AFE3D5}.Debug|Any CPU.Build.0 = Debug|Any CPU
		{FB87AAD0-F542-40D0-A986-979F15AFE3D5}.Release|Any CPU.ActiveCfg = Release|Any CPU
		{FB87AAD0-F542-40D0-A986-979F15AFE3D5}.Release|Any CPU.Build.0 = Release|Any CPU
		{34687E0C-46D6-4FD8-A636-26C2CBE8D632}.Debug|Any CPU.ActiveCfg = Debug|Any CPU
		{34687E0C-46D6-4FD8-A636-26C2CBE8D632}.Debug|Any CPU.Build.0 = Debug|Any CPU
		{34687E0C-46D6-4FD8-A636-26C2CBE8D632}.Release|Any CPU.ActiveCfg = Release|Any CPU
		{34687E0C-46D6-4FD8-A636-26C2CBE8D632}.Release|Any CPU.Build.0 = Release|Any CPU
		{ABBDC02F-007B-4DFF-8FB7-FD13B7000B85}.Debug|Any CPU.ActiveCfg = Debug|Any CPU
		{ABBDC02F-007B-4DFF-8FB7-FD13B7000B85}.Debug|Any CPU.Build.0 = Debug|Any CPU
		{ABBDC02F-007B-4DFF-8FB7-FD13B7000B85}.Release|Any CPU.ActiveCfg = Release|Any CPU
		{ABBDC02F-007B-4DFF-8FB7-FD13B7000B85}.Release|Any CPU.Build.0 = Release|Any CPU
		{A685A0B6-BA61-4D77-BF7F-CB0CBC0DB217}.Debug|Any CPU.ActiveCfg = Debug|Any CPU
		{A685A0B6-BA61-4D77-BF7F-CB0CBC0DB217}.Debug|Any CPU.Build.0 = Debug|Any CPU
		{A685A0B6-BA61-4D77-BF7F-CB0CBC0DB217}.Release|Any CPU.ActiveCfg = Release|Any CPU
		{A685A0B6-BA61-4D77-BF7F-CB0CBC0DB217}.Release|Any CPU.Build.0 = Release|Any CPU
		{C193C726-7683-4CB5-9EBF-5F8F573F4EE6}.Debug|Any CPU.ActiveCfg = Debug|Any CPU
		{C193C726-7683-4CB5-9EBF-5F8F573F4EE6}.Debug|Any CPU.Build.0 = Debug|Any CPU
		{C193C726-7683-4CB5-9EBF-5F8F573F4EE6}.Release|Any CPU.ActiveCfg = Release|Any CPU
		{C193C726-7683-4CB5-9EBF-5F8F573F4EE6}.Release|Any CPU.Build.0 = Release|Any CPU
		{984D49ED-7697-4D2F-9C30-48D3C815A76C}.Debug|Any CPU.ActiveCfg = Debug|Any CPU
		{984D49ED-7697-4D2F-9C30-48D3C815A76C}.Debug|Any CPU.Build.0 = Debug|Any CPU
		{984D49ED-7697-4D2F-9C30-48D3C815A76C}.Release|Any CPU.ActiveCfg = Release|Any CPU
		{984D49ED-7697-4D2F-9C30-48D3C815A76C}.Release|Any CPU.Build.0 = Release|Any CPU
	EndGlobalSection
	GlobalSection(SolutionProperties) = preSolution
		HideSolutionNode = FALSE
	EndGlobalSection
	GlobalSection(NestedProjects) = preSolution
		{984D49ED-7697-4D2F-9C30-48D3C815A76C} = {8A6233D0-B86D-42AA-B721-07E3029A8162}
	EndGlobalSection
	GlobalSection(ExtensibilityGlobals) = postSolution
		SolutionGuid = {5D1CCD8F-593C-496C-8150-DC25B8CC6759}
	EndGlobalSection
EndGlobal
